
Microsoft Visual Studio Solution File, Format Version 11.00
# Visual Studio 2010
Project("{FAE04EC0-301F-11D3-BF4B-00C04F79EFBC}") = "Assembly-CSharp", "Assembly-CSharp.csproj", "{d751a78f-7bc1-2564-6be3-7751e501cac0}"
EndProject
Project("{FAE04EC0-301F-11D3-BF4B-00C04F79EFBC}") = "Assembly-CSharp-Editor", "Assembly-CSharp-Editor.csproj", "{63519d74-b85f-5244-3af0-ebba5dff7860}"
EndProject
Global
	GlobalSection(SolutionConfigurationPlatforms) = preSolution
		Debug|Any CPU = Debug|Any CPU
	EndGlobalSection
	GlobalSection(ProjectConfigurationPlatforms) = postSolution
		{d751a78f-7bc1-2564-6be3-7751e501cac0}.Debug|Any CPU.ActiveCfg = Debug|Any CPU
		{d751a78f-7bc1-2564-6be3-7751e501cac0}.Debug|Any CPU.Build.0 = Debug|Any CPU
		{63519d74-b85f-5244-3af0-ebba5dff7860}.Debug|Any CPU.ActiveCfg = Debug|Any CPU
		{63519d74-b85f-5244-3af0-ebba5dff7860}.Debug|Any CPU.Build.0 = Debug|Any CPU
	EndGlobalSection
	GlobalSection(SolutionProperties) = preSolution
		HideSolutionNode = FALSE
	EndGlobalSection
EndGlobal
